
Microsoft Visual Studio Solution File, Format Version 12.00
Project("{FAE04EC0-301F-11D3-BF4B-00C04F79EFBC}") = "Widgets", "Widgets\Widgets.csproj", "{0F5E475D-193C-43C0-8B99-41C53E882FDF}"
EndProject
Project("{FAE04EC0-301F-11D3-BF4B-00C04F79EFBC}") = "Widgets.Data", "Widgets.Data\Widgets.Data.csproj", "{51BD6F9F-2058-4DB6-9ED3-4128211E689B}"
EndProject
Project("{FAE04EC0-301F-11D3-BF4B-00C04F79EFBC}") = "Widgets.Services", "Widgets.Services\Widgets.Services.csproj", "{247B3D7F-1D67-4C4F-ACC3-CE695B13B67E}"
EndProject
Global
	GlobalSection(SolutionConfigurationPlatforms) = preSolution
		Debug|Any CPU = Debug|Any CPU
		Release|Any CPU = Release|Any CPU
	EndGlobalSection
	GlobalSection(ProjectConfigurationPlatforms) = postSolution
		{0F5E475D-193C-43C0-8B99-41C53E882FDF}.Debug|Any CPU.ActiveCfg = Debug|Any CPU
		{0F5E475D-193C-43C0-8B99-41C53E882FDF}.Debug|Any CPU.Build.0 = Debug|Any CPU
		{0F5E475D-193C-43C0-8B99-41C53E882FDF}.Release|Any CPU.ActiveCfg = Release|Any CPU
		{0F5E475D-193C-43C0-8B99-41C53E882FDF}.Release|Any CPU.Build.0 = Release|Any CPU
		{51BD6F9F-2058-4DB6-9ED3-4128211E689B}.Debug|Any CPU.ActiveCfg = Debug|Any CPU
		{51BD6F9F-2058-4DB6-9ED3-4128211E689B}.Debug|Any CPU.Build.0 = Debug|Any CPU
		{51BD6F9F-2058-4DB6-9ED3-4128211E689B}.Release|Any CPU.ActiveCfg = Release|Any CPU
		{51BD6F9F-2058-4DB6-9ED3-4128211E689B}.Release|Any CPU.Build.0 = Release|Any CPU
		{247B3D7F-1D67-4C4F-ACC3-CE695B13B67E}.Debug|Any CPU.ActiveCfg = Debug|Any CPU
		{247B3D7F-1D67-4C4F-ACC3-CE695B13B67E}.Debug|Any CPU.Build.0 = Debug|Any CPU
		{247B3D7F-1D67-4C4F-ACC3-CE695B13B67E}.Release|Any CPU.ActiveCfg = Release|Any CPU
		{247B3D7F-1D67-4C4F-ACC3-CE695B13B67E}.Release|Any CPU.Build.0 = Release|Any CPU
	EndGlobalSection
	GlobalSection(NestedProjects) = preSolution
	EndGlobalSection
EndGlobal
